
Microsoft Visual Studio Solution File, Format Version 12.00
# Visual Studio Version 17
VisualStudioVersion = 17.0.31903.59
MinimumVisualStudioVersion = 10.0.40219.1
Project("{2150E333-8FDC-42A3-9474-1A3956D46DE8}") = "src", "src", "{827E0CD3-B72D-47B6-A68D-7590B98EB39B}"
EndProject
Project("{FAE04EC0-301F-11D3-BF4B-00C04F79EFBC}") = "SB.API_SB.Domain", "src\SB.API_SB.Domain\SB.API_SB.Domain.csproj", "{32130D2F-C7AE-4FB5-8497-E43310883B8C}"
EndProject
Project("{FAE04EC0-301F-11D3-BF4B-00C04F79EFBC}") = "SB.API_SB.Application", "src\SB.API_SB.Application\SB.API_SB.Application.csproj", "{B537A4D5-4743-48B6-9F85-A82CBD5D3A56}"
EndProject
Project("{FAE04EC0-301F-11D3-BF4B-00C04F79EFBC}") = "SB.API_SB.Services", "src\SB.API_SB.Services\SB.API_SB.Services.csproj", "{CBF8535D-89CE-4EE3-B701-49F46BC371B0}"
EndProject
Project("{FAE04EC0-301F-11D3-BF4B-00C04F79EFBC}") = "SB.API_SB.Infrastructure", "src\SB.API_SB.Infrastructure\SB.API_SB.Infrastructure.csproj", "{FA1FEE09-89C2-46A2-A703-8384471B37E3}"
EndProject
Project("{FAE04EC0-301F-11D3-BF4B-00C04F79EFBC}") = "SB.API_SB.Presentation", "src\SB.API_SB.Presentation\SB.API_SB.Presentation.csproj", "{C17DB538-06BA-4FDD-A572-F12C1DB448EA}"
EndProject
Project("{2150E333-8FDC-42A3-9474-1A3956D46DE8}") = "tests", "tests", "{0AB3BF05-4346-4AA6-1389-037BE0695223}"
EndProject
Project("{FAE04EC0-301F-11D3-BF4B-00C04F79EFBC}") = "SB.API_SB.Tests", "tests\SB.API_SB.Tests\SB.API_SB.Tests.csproj", "{2745BDCB-5F25-44F7-8383-FDF11720EC85}"
EndProject
Global
	GlobalSection(SolutionConfigurationPlatforms) = preSolution
		Debug|Any CPU = Debug|Any CPU
		Debug|x64 = Debug|x64
		Debug|x86 = Debug|x86
		Release|Any CPU = Release|Any CPU
		Release|x64 = Release|x64
		Release|x86 = Release|x86
	EndGlobalSection
	GlobalSection(ProjectConfigurationPlatforms) = postSolution
		{32130D2F-C7AE-4FB5-8497-E43310883B8C}.Debug|Any CPU.ActiveCfg = Debug|Any CPU
		{32130D2F-C7AE-4FB5-8497-E43310883B8C}.Debug|Any CPU.Build.0 = Debug|Any CPU
		{32130D2F-C7AE-4FB5-8497-E43310883B8C}.Debug|x64.ActiveCfg = Debug|Any CPU
		{32130D2F-C7AE-4FB5-8497-E43310883B8C}.Debug|x64.Build.0 = Debug|Any CPU
		{32130D2F-C7AE-4FB5-8497-E43310883B8C}.Debug|x86.ActiveCfg = Debug|Any CPU
		{32130D2F-C7AE-4FB5-8497-E43310883B8C}.Debug|x86.Build.0 = Debug|Any CPU
		{32130D2F-C7AE-4FB5-8497-E43310883B8C}.Release|Any CPU.ActiveCfg = Release|Any CPU
		{32130D2F-C7AE-4FB5-8497-E43310883B8C}.Release|Any CPU.Build.0 = Release|Any CPU
		{32130D2F-C7AE-4FB5-8497-E43310883B8C}.Release|x64.ActiveCfg = Release|Any CPU
		{32130D2F-C7AE-4FB5-8497-E43310883B8C}.Release|x64.Build.0 = Release|Any CPU
		{32130D2F-C7AE-4FB5-8497-E43310883B8C}.Release|x86.ActiveCfg = Release|Any CPU
		{32130D2F-C7AE-4FB5-8497-E43310883B8C}.Release|x86.Build.0 = Release|Any CPU
		{B537A4D5-4743-48B6-9F85-A82CBD5D3A56}.Debug|Any CPU.ActiveCfg = Debug|Any CPU
		{B537A4D5-4743-48B6-9F85-A82CBD5D3A56}.Debug|Any CPU.Build.0 = Debug|Any CPU
		{B537A4D5-4743-48B6-9F85-A82CBD5D3A56}.Debug|x64.ActiveCfg = Debug|Any CPU
		{B537A4D5-4743-48B6-9F85-A82CBD5D3A56}.Debug|x64.Build.0 = Debug|Any CPU
		{B537A4D5-4743-48B6-9F85-A82CBD5D3A56}.Debug|x86.ActiveCfg = Debug|Any CPU
		{B537A4D5-4743-48B6-9F85-A82CBD5D3A56}.Debug|x86.Build.0 = Debug|Any CPU
		{B537A4D5-4743-48B6-9F85-A82CBD5D3A56}.Release|Any CPU.ActiveCfg = Release|Any CPU
		{B537A4D5-4743-48B6-9F85-A82CBD5D3A56}.Release|Any CPU.Build.0 = Release|Any CPU
		{B537A4D5-4743-48B6-9F85-A82CBD5D3A56}.Release|x64.ActiveCfg = Release|Any CPU
		{B537A4D5-4743-48B6-9F85-A82CBD5D3A56}.Release|x64.Build.0 = Release|Any CPU
		{B537A4D5-4743-48B6-9F85-A82CBD5D3A56}.Release|x86.ActiveCfg = Release|Any CPU
		{B537A4D5-4743-48B6-9F85-A82CBD5D3A56}.Release|x86.Build.0 = Release|Any CPU
		{CBF8535D-89CE-4EE3-B701-49F46BC371B0}.Debug|Any CPU.ActiveCfg = Debug|Any CPU
		{CBF8535D-89CE-4EE3-B701-49F46BC371B0}.Debug|Any CPU.Build.0 = Debug|Any CPU
		{CBF8535D-89CE-4EE3-B701-49F46BC371B0}.Debug|x64.ActiveCfg = Debug|Any CPU
		{CBF8535D-89CE-4EE3-B701-49F46BC371B0}.Debug|x64.Build.0 = Debug|Any CPU
		{CBF8535D-89CE-4EE3-B701-49F46BC371B0}.Debug|x86.ActiveCfg = Debug|Any CPU
		{CBF8535D-89CE-4EE3-B701-49F46BC371B0}.Debug|x86.Build.0 = Debug|Any CPU
		{CBF8535D-89CE-4EE3-B701-49F46BC371B0}.Release|Any CPU.ActiveCfg = Release|Any CPU
		{CBF8535D-89CE-4EE3-B701-49F46BC371B0}.Release|Any CPU.Build.0 = Release|Any CPU
		{CBF8535D-89CE-4EE3-B701-49F46BC371B0}.Release|x64.ActiveCfg = Release|Any CPU
		{CBF8535D-89CE-4EE3-B701-49F46BC371B0}.Release|x64.Build.0 = Release|Any CPU
		{CBF8535D-89CE-4EE3-B701-49F46BC371B0}.Release|x86.ActiveCfg = Release|Any CPU
		{CBF8535D-89CE-4EE3-B701-49F46BC371B0}.Release|x86.Build.0 = Release|Any CPU
		{FA1FEE09-89C2-46A2-A703-8384471B37E3}.Debug|Any CPU.ActiveCfg = Debug|Any CPU
		{FA1FEE09-89C2-46A2-A703-8384471B37E3}.Debug|Any CPU.Build.0 = Debug|Any CPU
		{FA1FEE09-89C2-46A2-A703-8384471B37E3}.Debug|x64.ActiveCfg = Debug|Any CPU
		{FA1FEE09-89C2-46A2-A703-8384471B37E3}.Debug|x64.Build.0 = Debug|Any CPU
		{FA1FEE09-89C2-46A2-A703-8384471B37E3}.Debug|x86.ActiveCfg = Debug|Any CPU
		{FA1FEE09-89C2-46A2-A703-8384471B37E3}.Debug|x86.Build.0 = Debug|Any CPU
		{FA1FEE09-89C2-46A2-A703-8384471B37E3}.Release|Any CPU.ActiveCfg = Release|Any CPU
		{FA1FEE09-89C2-46A2-A703-8384471B37E3}.Release|Any CPU.Build.0 = Release|Any CPU
		{FA1FEE09-89C2-46A2-A703-8384471B37E3}.Release|x64.ActiveCfg = Release|Any CPU
		{FA1FEE09-89C2-46A2-A703-8384471B37E3}.Release|x64.Build.0 = Release|Any CPU
		{FA1FEE09-89C2-46A2-A703-8384471B37E3}.Release|x86.ActiveCfg = Release|Any CPU
		{FA1FEE09-89C2-46A2-A703-8384471B37E3}.Release|x86.Build.0 = Release|Any CPU
		{C17DB538-06BA-4FDD-A572-F12C1DB448EA}.Debug|Any CPU.ActiveCfg = Debug|Any CPU
		{C17DB538-06BA-4FDD-A572-F12C1DB448EA}.Debug|Any CPU.Build.0 = Debug|Any CPU
		{C17DB538-06BA-4FDD-A572-F12C1DB448EA}.Debug|x64.ActiveCfg = Debug|Any CPU
		{C17DB538-06BA-4FDD-A572-F12C1DB448EA}.Debug|x64.Build.0 = Debug|Any CPU
		{C17DB538-06BA-4FDD-A572-F12C1DB448EA}.Debug|x86.ActiveCfg = Debug|Any CPU
		{C17DB538-06BA-4FDD-A572-F12C1DB448EA}.Debug|x86.Build.0 = Debug|Any CPU
		{C17DB538-06BA-4FDD-A572-F12C1DB448EA}.Release|Any CPU.ActiveCfg = Release|Any CPU
		{C17DB538-06BA-4FDD-A572-F12C1DB448EA}.Release|Any CPU.Build.0 = Release|Any CPU
		{C17DB538-06BA-4FDD-A572-F12C1DB448EA}.Release|x64.ActiveCfg = Release|Any CPU
		{C17DB538-06BA-4FDD-A572-F12C1DB448EA}.Release|x64.Build.0 = Release|Any CPU
		{C17DB538-06BA-4FDD-A572-F12C1DB448EA}.Release|x86.ActiveCfg = Release|Any CPU
		{C17DB538-06BA-4FDD-A572-F12C1DB448EA}.Release|x86.Build.0 = Release|Any CPU
		{2745BDCB-5F25-44F7-8383-FDF11720EC85}.Debug|Any CPU.ActiveCfg = Debug|Any CPU
		{2745BDCB-5F25-44F7-8383-FDF11720EC85}.Debug|Any CPU.Build.0 = Debug|Any CPU
		{2745BDCB-5F25-44F7-8383-FDF11720EC85}.Debug|x64.ActiveCfg = Debug|Any CPU
		{2745BDCB-5F25-44F7-8383-FDF11720EC85}.Debug|x64.Build.0 = Debug|Any CPU
		{2745BDCB-5F25-44F7-8383-FDF11720EC85}.Debug|x86.ActiveCfg = Debug|Any CPU
		{2745BDCB-5F25-44F7-8383-FDF11720EC85}.Debug|x86.Build.0 = Debug|Any CPU
		{2745BDCB-5F25-44F7-8383-FDF11720EC85}.Release|Any CPU.ActiveCfg = Release|Any CPU
		{2745BDCB-5F25-44F7-8383-FDF11720EC85}.Release|Any CPU.Build.0 = Release|Any CPU
		{2745BDCB-5F25-44F7-8383-FDF11720EC85}.Release|x64.ActiveCfg = Release|Any CPU
		{2745BDCB-5F25-44F7-8383-FDF11720EC85}.Release|x64.Build.0 = Release|Any CPU
		{2745BDCB-5F25-44F7-8383-FDF11720EC85}.Release|x86.ActiveCfg = Release|Any CPU
		{2745BDCB-5F25-44F7-8383-FDF11720EC85}.Release|x86.Build.0 = Release|Any CPU
	EndGlobalSection
	GlobalSection(SolutionProperties) = preSolution
		HideSolutionNode = FALSE
	EndGlobalSection
	GlobalSection(NestedProjects) = preSolution
		{32130D2F-C7AE-4FB5-8497-E43310883B8C} = {827E0CD3-B72D-47B6-A68D-7590B98EB39B}
		{B537A4D5-4743-48B6-9F85-A82CBD5D3A56} = {827E0CD3-B72D-47B6-A68D-7590B98EB39B}
		{CBF8535D-89CE-4EE3-B701-49F46BC371B0} = {827E0CD3-B72D-47B6-A68D-7590B98EB39B}
		{FA1FEE09-89C2-46A2-A703-8384471B37E3} = {827E0CD3-B72D-47B6-A68D-7590B98EB39B}
		{C17DB538-06BA-4FDD-A572-F12C1DB448EA} = {827E0CD3-B72D-47B6-A68D-7590B98EB39B}
		{2745BDCB-5F25-44F7-8383-FDF11720EC85} = {0AB3BF05-4346-4AA6-1389-037BE0695223}
	EndGlobalSection
EndGlobal
